
Microsoft Visual Studio Solution File, Format Version 12.00
# Visual Studio Version 17
VisualStudioVersion = 17.0.31903.59
MinimumVisualStudioVersion = 10.0.40219.1
Project("{2150E333-8FDC-42A3-9474-1A3956D46DE8}") = "src", "src", "{827E0CD3-B72D-47B6-A68D-7590B98EB39B}"
EndProject
Project("{FAE04EC0-301F-11D3-BF4B-00C04F79EFBC}") = "TaskLists.Api", "src\TaskLists.Api\TaskLists.Api.csproj", "{FA88F22B-8EF9-42F4-8AE6-3FBA1114CA2F}"
EndProject
Project("{FAE04EC0-301F-11D3-BF4B-00C04F79EFBC}") = "TaskLists.Application", "src\TaskLists.Application\TaskLists.Application.csproj", "{916357DA-CAB2-4EAD-8CCD-C2EDDF68A0F2}"
EndProject
Project("{FAE04EC0-301F-11D3-BF4B-00C04F79EFBC}") = "TaskLists.Domain", "src\TaskLists.Domain\TaskLists.Domain.csproj", "{89956C13-91A7-4F92-B015-8CA37819B866}"
EndProject
Project("{FAE04EC0-301F-11D3-BF4B-00C04F79EFBC}") = "TaskLists.Contracts", "src\TaskLists.Contracts\TaskLists.Contracts.csproj", "{798660F0-F5A4-42E9-AB19-494A553EEE6B}"
EndProject
Project("{FAE04EC0-301F-11D3-BF4B-00C04F79EFBC}") = "TaskLists.Infrastructure", "src\TaskLists.Infrastructure\TaskLists.Infrastructure.csproj", "{42C84D8D-D168-435B-8E9F-5E92CF480D19}"
EndProject
Project("{2150E333-8FDC-42A3-9474-1A3956D46DE8}") = "tests", "tests", "{0AB3BF05-4346-4AA6-1389-037BE0695223}"
EndProject
Project("{FAE04EC0-301F-11D3-BF4B-00C04F79EFBC}") = "TaskLists.Tests", "tests\TaskLists.Tests\TaskLists.Tests.csproj", "{A7974B15-FE2B-4182-BF97-2C9ABD7D8296}"
EndProject
Global
	GlobalSection(SolutionConfigurationPlatforms) = preSolution
		Debug|Any CPU = Debug|Any CPU
		Debug|x64 = Debug|x64
		Debug|x86 = Debug|x86
		Release|Any CPU = Release|Any CPU
		Release|x64 = Release|x64
		Release|x86 = Release|x86
	EndGlobalSection
	GlobalSection(ProjectConfigurationPlatforms) = postSolution
		{FA88F22B-8EF9-42F4-8AE6-3FBA1114CA2F}.Debug|Any CPU.ActiveCfg = Debug|Any CPU
		{FA88F22B-8EF9-42F4-8AE6-3FBA1114CA2F}.Debug|Any CPU.Build.0 = Debug|Any CPU
		{FA88F22B-8EF9-42F4-8AE6-3FBA1114CA2F}.Debug|x64.ActiveCfg = Debug|Any CPU
		{FA88F22B-8EF9-42F4-8AE6-3FBA1114CA2F}.Debug|x64.Build.0 = Debug|Any CPU
		{FA88F22B-8EF9-42F4-8AE6-3FBA1114CA2F}.Debug|x86.ActiveCfg = Debug|Any CPU
		{FA88F22B-8EF9-42F4-8AE6-3FBA1114CA2F}.Debug|x86.Build.0 = Debug|Any CPU
		{FA88F22B-8EF9-42F4-8AE6-3FBA1114CA2F}.Release|Any CPU.ActiveCfg = Release|Any CPU
		{FA88F22B-8EF9-42F4-8AE6-3FBA1114CA2F}.Release|Any CPU.Build.0 = Release|Any CPU
		{FA88F22B-8EF9-42F4-8AE6-3FBA1114CA2F}.Release|x64.ActiveCfg = Release|Any CPU
		{FA88F22B-8EF9-42F4-8AE6-3FBA1114CA2F}.Release|x64.Build.0 = Release|Any CPU
		{FA88F22B-8EF9-42F4-8AE6-3FBA1114CA2F}.Release|x86.ActiveCfg = Release|Any CPU
		{FA88F22B-8EF9-42F4-8AE6-3FBA1114CA2F}.Release|x86.Build.0 = Release|Any CPU
		{916357DA-CAB2-4EAD-8CCD-C2EDDF68A0F2}.Debug|Any CPU.ActiveCfg = Debug|Any CPU
		{916357DA-CAB2-4EAD-8CCD-C2EDDF68A0F2}.Debug|Any CPU.Build.0 = Debug|Any CPU
		{916357DA-CAB2-4EAD-8CCD-C2EDDF68A0F2}.Debug|x64.ActiveCfg = Debug|Any CPU
		{916357DA-CAB2-4EAD-8CCD-C2EDDF68A0F2}.Debug|x64.Build.0 = Debug|Any CPU
		{916357DA-CAB2-4EAD-8CCD-C2EDDF68A0F2}.Debug|x86.ActiveCfg = Debug|Any CPU
		{916357DA-CAB2-4EAD-8CCD-C2EDDF68A0F2}.Debug|x86.Build.0 = Debug|Any CPU
		{916357DA-CAB2-4EAD-8CCD-C2EDDF68A0F2}.Release|Any CPU.ActiveCfg = Release|Any CPU
		{916357DA-CAB2-4EAD-8CCD-C2EDDF68A0F2}.Release|Any CPU.Build.0 = Release|Any CPU
		{916357DA-CAB2-4EAD-8CCD-C2EDDF68A0F2}.Release|x64.ActiveCfg = Release|Any CPU
		{916357DA-CAB2-4EAD-8CCD-C2EDDF68A0F2}.Release|x64.Build.0 = Release|Any CPU
		{916357DA-CAB2-4EAD-8CCD-C2EDDF68A0F2}.Release|x86.ActiveCfg = Release|Any CPU
		{916357DA-CAB2-4EAD-8CCD-C2EDDF68A0F2}.Release|x86.Build.0 = Release|Any CPU
		{89956C13-91A7-4F92-B015-8CA37819B866}.Debug|Any CPU.ActiveCfg = Debug|Any CPU
		{89956C13-91A7-4F92-B015-8CA37819B866}.Debug|Any CPU.Build.0 = Debug|Any CPU
		{89956C13-91A7-4F92-B015-8CA37819B866}.Debug|x64.ActiveCfg = Debug|Any CPU
		{89956C13-91A7-4F92-B015-8CA37819B866}.Debug|x64.Build.0 = Debug|Any CPU
		{89956C13-91A7-4F92-B015-8CA37819B866}.Debug|x86.ActiveCfg = Debug|Any CPU
		{89956C13-91A7-4F92-B015-8CA37819B866}.Debug|x86.Build.0 = Debug|Any CPU
		{89956C13-91A7-4F92-B015-8CA37819B866}.Release|Any CPU.ActiveCfg = Release|Any CPU
		{89956C13-91A7-4F92-B015-8CA37819B866}.Release|Any CPU.Build.0 = Release|Any CPU
		{89956C13-91A7-4F92-B015-8CA37819B866}.Release|x64.ActiveCfg = Release|Any CPU
		{89956C13-91A7-4F92-B015-8CA37819B866}.Release|x64.Build.0 = Release|Any CPU
		{89956C13-91A7-4F92-B015-8CA37819B866}.Release|x86.ActiveCfg = Release|Any CPU
		{89956C13-91A7-4F92-B015-8CA37819B866}.Release|x86.Build.0 = Release|Any CPU
		{798660F0-F5A4-42E9-AB19-494A553EEE6B}.Debug|Any CPU.ActiveCfg = Debug|Any CPU
		{798660F0-F5A4-42E9-AB19-494A553EEE6B}.Debug|Any CPU.Build.0 = Debug|Any CPU
		{798660F0-F5A4-42E9-AB19-494A553EEE6B}.Debug|x64.ActiveCfg = Debug|Any CPU
		{798660F0-F5A4-42E9-AB19-494A553EEE6B}.Debug|x64.Build.0 = Debug|Any CPU
		{798660F0-F5A4-42E9-AB19-494A553EEE6B}.Debug|x86.ActiveCfg = Debug|Any CPU
		{798660F0-F5A4-42E9-AB19-494A553EEE6B}.Debug|x86.Build.0 = Debug|Any CPU
		{798660F0-F5A4-42E9-AB19-494A553EEE6B}.Release|Any CPU.ActiveCfg = Release|Any CPU
		{798660F0-F5A4-42E9-AB19-494A553EEE6B}.Release|Any CPU.Build.0 = Release|Any CPU
		{798660F0-F5A4-42E9-AB19-494A553EEE6B}.Release|x64.ActiveCfg = Release|Any CPU
		{798660F0-F5A4-42E9-AB19-494A553EEE6B}.Release|x64.Build.0 = Release|Any CPU
		{798660F0-F5A4-42E9-AB19-494A553EEE6B}.Release|x86.ActiveCfg = Release|Any CPU
		{798660F0-F5A4-42E9-AB19-494A553EEE6B}.Release|x86.Build.0 = Release|Any CPU
		{42C84D8D-D168-435B-8E9F-5E92CF480D19}.Debug|Any CPU.ActiveCfg = Debug|Any CPU
		{42C84D8D-D168-435B-8E9F-5E92CF480D19}.Debug|Any CPU.Build.0 = Debug|Any CPU
		{42C84D8D-D168-435B-8E9F-5E92CF480D19}.Debug|x64.ActiveCfg = Debug|Any CPU
		{42C84D8D-D168-435B-8E9F-5E92CF480D19}.Debug|x64.Build.0 = Debug|Any CPU
		{42C84D8D-D168-435B-8E9F-5E92CF480D19}.Debug|x86.ActiveCfg = Debug|Any CPU
		{42C84D8D-D168-435B-8E9F-5E92CF480D19}.Debug|x86.Build.0 = Debug|Any CPU
		{42C84D8D-D168-435B-8E9F-5E92CF480D19}.Release|Any CPU.ActiveCfg = Release|Any CPU
		{42C84D8D-D168-435B-8E9F-5E92CF480D19}.Release|Any CPU.Build.0 = Release|Any CPU
		{42C84D8D-D168-435B-8E9F-5E92CF480D19}.Release|x64.ActiveCfg = Release|Any CPU
		{42C84D8D-D168-435B-8E9F-5E92CF480D19}.Release|x64.Build.0 = Release|Any CPU
		{42C84D8D-D168-435B-8E9F-5E92CF480D19}.Release|x86.ActiveCfg = Release|Any CPU
		{42C84D8D-D168-435B-8E9F-5E92CF480D19}.Release|x86.Build.0 = Release|Any CPU
		{A7974B15-FE2B-4182-BF97-2C9ABD7D8296}.Debug|Any CPU.ActiveCfg = Debug|Any CPU
		{A7974B15-FE2B-4182-BF97-2C9ABD7D8296}.Debug|Any CPU.Build.0 = Debug|Any CPU
		{A7974B15-FE2B-4182-BF97-2C9ABD7D8296}.Debug|x64.ActiveCfg = Debug|Any CPU
		{A7974B15-FE2B-4182-BF97-2C9ABD7D8296}.Debug|x64.Build.0 = Debug|Any CPU
		{A7974B15-FE2B-4182-BF97-2C9ABD7D8296}.Debug|x86.ActiveCfg = Debug|Any CPU
		{A7974B15-FE2B-4182-BF97-2C9ABD7D8296}.Debug|x86.Build.0 = Debug|Any CPU
		{A7974B15-FE2B-4182-BF97-2C9ABD7D8296}.Release|Any CPU.ActiveCfg = Release|Any CPU
		{A7974B15-FE2B-4182-BF97-2C9ABD7D8296}.Release|Any CPU.Build.0 = Release|Any CPU
		{A7974B15-FE2B-4182-BF97-2C9ABD7D8296}.Release|x64.ActiveCfg = Release|Any CPU
		{A7974B15-FE2B-4182-BF97-2C9ABD7D8296}.Release|x64.Build.0 = Release|Any CPU
		{A7974B15-FE2B-4182-BF97-2C9ABD7D8296}.Release|x86.ActiveCfg = Release|Any CPU
		{A7974B15-FE2B-4182-BF97-2C9ABD7D8296}.Release|x86.Build.0 = Release|Any CPU
	EndGlobalSection
	GlobalSection(SolutionProperties) = preSolution
		HideSolutionNode = FALSE
	EndGlobalSection
	GlobalSection(NestedProjects) = preSolution
		{FA88F22B-8EF9-42F4-8AE6-3FBA1114CA2F} = {827E0CD3-B72D-47B6-A68D-7590B98EB39B}
		{916357DA-CAB2-4EAD-8CCD-C2EDDF68A0F2} = {827E0CD3-B72D-47B6-A68D-7590B98EB39B}
		{89956C13-91A7-4F92-B015-8CA37819B866} = {827E0CD3-B72D-47B6-A68D-7590B98EB39B}
		{798660F0-F5A4-42E9-AB19-494A553EEE6B} = {827E0CD3-B72D-47B6-A68D-7590B98EB39B}
		{42C84D8D-D168-435B-8E9F-5E92CF480D19} = {827E0CD3-B72D-47B6-A68D-7590B98EB39B}
		{A7974B15-FE2B-4182-BF97-2C9ABD7D8296} = {0AB3BF05-4346-4AA6-1389-037BE0695223}
	EndGlobalSection
EndGlobal
